
Microsoft Visual Studio Solution File, Format Version 12.00
# Visual Studio Version 16
VisualStudioVersion = 16.0.28803.202
MinimumVisualStudioVersion = 10.0.40219.1
Project("{9092AA53-FB77-4645-B42D-1CCCA6BD08BD}") = "VuejsApp1", "VuejsApp1\VuejsApp1.njsproj", "{9C3EFBF4-63BD-4453-B5C3-8B77A8CCA082}"
EndProject
Global
	GlobalSection(SolutionConfigurationPlatforms) = preSolution
		Debug|Any CPU = Debug|Any CPU
		Release|Any CPU = Release|Any CPU
	EndGlobalSection
	GlobalSection(ProjectConfigurationPlatforms) = postSolution
		{9C3EFBF4-63BD-4453-B5C3-8B77A8CCA082}.Debug|Any CPU.ActiveCfg = Debug|Any CPU
		{9C3EFBF4-63BD-4453-B5C3-8B77A8CCA082}.Debug|Any CPU.Build.0 = Debug|Any CPU
		{9C3EFBF4-63BD-4453-B5C3-8B77A8CCA082}.Release|Any CPU.ActiveCfg = Release|Any CPU
		{9C3EFBF4-63BD-4453-B5C3-8B77A8CCA082}.Release|Any CPU.Build.0 = Release|Any CPU
	EndGlobalSection
	GlobalSection(SolutionProperties) = preSolution
		HideSolutionNode = FALSE
	EndGlobalSection
	GlobalSection(ExtensibilityGlobals) = postSolution
		SolutionGuid = {87E571A7-823F-4F24-9C08-4CE2DB9EAC1F}
	EndGlobalSection
EndGlobal
